
Microsoft Visual Studio Solution File, Format Version 12.00
# Visual Studio Version 16
VisualStudioVersion = 16.0.28803.352
MinimumVisualStudioVersion = 10.0.40219.1
Project("{FAE04EC0-301F-11D3-BF4B-00C04F79EFBC}") = "TBOAdmin", "TBOAdmin\TBOAdmin.csproj", "{A43D7C2C-73F0-4691-BA1A-23E3412228A2}"
EndProject
Global
	GlobalSection(SolutionConfigurationPlatforms) = preSolution
		Debug|Any CPU = Debug|Any CPU
		Release|Any CPU = Release|Any CPU
	EndGlobalSection
	GlobalSection(ProjectConfigurationPlatforms) = postSolution
		{A43D7C2C-73F0-4691-BA1A-23E3412228A2}.Debug|Any CPU.ActiveCfg = Debug|Any CPU
		{A43D7C2C-73F0-4691-BA1A-23E3412228A2}.Debug|Any CPU.Build.0 = Debug|Any CPU
		{A43D7C2C-73F0-4691-BA1A-23E3412228A2}.Release|Any CPU.ActiveCfg = Release|Any CPU
		{A43D7C2C-73F0-4691-BA1A-23E3412228A2}.Release|Any CPU.Build.0 = Release|Any CPU
	EndGlobalSection
	GlobalSection(SolutionProperties) = preSolution
		HideSolutionNode = FALSE
	EndGlobalSection
	GlobalSection(ExtensibilityGlobals) = postSolution
		SolutionGuid = {8587D3D5-82A8-4E08-A8E2-F396C7527CAF}
	EndGlobalSection
EndGlobal
